{
  "pins" : [
    {
      "identity" : "swiftuinavigator",
      "kind" : "remoteSourceControl",
      "location" : "https://github.com/Open-Bytes/SwiftUINavigator",
      "state" : {
        "revision" : "c24aa6b6cc6a6142f0d8066ae45f2d157a164f08",
        "version" : "0.4.0"
      }
    }
  ],
  "version" : 2
}
